
Microsoft Visual Studio Solution File, Format Version 12.00
# Visual Studio Version 16
VisualStudioVersion = 16.0.29411.108
MinimumVisualStudioVersion = 10.0.40219.1
Project("{FAE04EC0-301F-11D3-BF4B-00C04F79EFBC}") = "EFCoreTest", "EFCoreTest\EFCoreTest.csproj", "{C7654F4F-E91B-4B8D-9C0F-C5C3FAD7D155}"
EndProject
Project("{FAE04EC0-301F-11D3-BF4B-00C04F79EFBC}") = "ClassFromDbHelper", "ClassFromDbHelper\ClassFromDbHelper.csproj", "{5F24D0F8-1367-4189-B4F1-BA25755E8654}"
EndProject
Global
	GlobalSection(SolutionConfigurationPlatforms) = preSolution
		Debug|Any CPU = Debug|Any CPU
		Release|Any CPU = Release|Any CPU
	EndGlobalSection
	GlobalSection(ProjectConfigurationPlatforms) = postSolution
		{C7654F4F-E91B-4B8D-9C0F-C5C3FAD7D155}.Debug|Any CPU.ActiveCfg = Debug|Any CPU
		{C7654F4F-E91B-4B8D-9C0F-C5C3FAD7D155}.Debug|Any CPU.Build.0 = Debug|Any CPU
		{C7654F4F-E91B-4B8D-9C0F-C5C3FAD7D155}.Release|Any CPU.ActiveCfg = Release|Any CPU
		{C7654F4F-E91B-4B8D-9C0F-C5C3FAD7D155}.Release|Any CPU.Build.0 = Release|Any CPU
		{5F24D0F8-1367-4189-B4F1-BA25755E8654}.Debug|Any CPU.ActiveCfg = Debug|Any CPU
		{5F24D0F8-1367-4189-B4F1-BA25755E8654}.Debug|Any CPU.Build.0 = Debug|Any CPU
		{5F24D0F8-1367-4189-B4F1-BA25755E8654}.Release|Any CPU.ActiveCfg = Release|Any CPU
		{5F24D0F8-1367-4189-B4F1-BA25755E8654}.Release|Any CPU.Build.0 = Release|Any CPU
	EndGlobalSection
	GlobalSection(SolutionProperties) = preSolution
		HideSolutionNode = FALSE
	EndGlobalSection
	GlobalSection(ExtensibilityGlobals) = postSolution
		SolutionGuid = {84A7B2FF-035A-413E-883C-EB3B5F1BF731}
	EndGlobalSection
EndGlobal
